
Microsoft Visual Studio Solution File, Format Version 12.00
# Visual Studio Version 16
VisualStudioVersion = 16.0.30011.22
MinimumVisualStudioVersion = 10.0.40219.1
Project("{FAE04EC0-301F-11D3-BF4B-00C04F79EFBC}") = "TranslateTool", "TranslateTool\TranslateTool.csproj", "{791A0754-B6E9-4F1D-85D5-46C3AF89A185}"
EndProject
Project("{2150E333-8FDC-42A3-9474-1A3956D46DE8}") = "Solution Items", "Solution Items", "{FFD69BC6-32D8-420E-BA51-47EE89331F04}"
	ProjectSection(SolutionItems) = preProject
		.editorconfig = .editorconfig
	EndProjectSection
EndProject
Project("{FAE04EC0-301F-11D3-BF4B-00C04F79EFBC}") = "ChatTranslator", "ChatTranslator\ChatTranslator.csproj", "{12EEE539-EF21-4085-BC88-DE66ACB8C0D6}"
EndProject
Global
	GlobalSection(SolutionConfigurationPlatforms) = preSolution
		Debug|Any CPU = Debug|Any CPU
		Debug|x64 = Debug|x64
		Debug|x86 = Debug|x86
		Release|Any CPU = Release|Any CPU
		Release|x64 = Release|x64
		Release|x86 = Release|x86
	EndGlobalSection
	GlobalSection(ProjectConfigurationPlatforms) = postSolution
		{791A0754-B6E9-4F1D-85D5-46C3AF89A185}.Debug|Any CPU.ActiveCfg = Debug|Any CPU
		{791A0754-B6E9-4F1D-85D5-46C3AF89A185}.Debug|Any CPU.Build.0 = Debug|Any CPU
		{791A0754-B6E9-4F1D-85D5-46C3AF89A185}.Debug|x64.ActiveCfg = Debug|x64
		{791A0754-B6E9-4F1D-85D5-46C3AF89A185}.Debug|x64.Build.0 = Debug|x64
		{791A0754-B6E9-4F1D-85D5-46C3AF89A185}.Debug|x86.ActiveCfg = Debug|x86
		{791A0754-B6E9-4F1D-85D5-46C3AF89A185}.Debug|x86.Build.0 = Debug|x86
		{791A0754-B6E9-4F1D-85D5-46C3AF89A185}.Release|Any CPU.ActiveCfg = Release|Any CPU
		{791A0754-B6E9-4F1D-85D5-46C3AF89A185}.Release|Any CPU.Build.0 = Release|Any CPU
		{791A0754-B6E9-4F1D-85D5-46C3AF89A185}.Release|x64.ActiveCfg = Release|x64
		{791A0754-B6E9-4F1D-85D5-46C3AF89A185}.Release|x64.Build.0 = Release|x64
		{791A0754-B6E9-4F1D-85D5-46C3AF89A185}.Release|x86.ActiveCfg = Release|x86
		{791A0754-B6E9-4F1D-85D5-46C3AF89A185}.Release|x86.Build.0 = Release|x86
		{12EEE539-EF21-4085-BC88-DE66ACB8C0D6}.Debug|Any CPU.ActiveCfg = Debug|Any CPU
		{12EEE539-EF21-4085-BC88-DE66ACB8C0D6}.Debug|Any CPU.Build.0 = Debug|Any CPU
		{12EEE539-EF21-4085-BC88-DE66ACB8C0D6}.Debug|x64.ActiveCfg = Debug|x64
		{12EEE539-EF21-4085-BC88-DE66ACB8C0D6}.Debug|x64.Build.0 = Debug|x64
		{12EEE539-EF21-4085-BC88-DE66ACB8C0D6}.Debug|x86.ActiveCfg = Debug|Any CPU
		{12EEE539-EF21-4085-BC88-DE66ACB8C0D6}.Debug|x86.Build.0 = Debug|Any CPU
		{12EEE539-EF21-4085-BC88-DE66ACB8C0D6}.Release|Any CPU.ActiveCfg = Release|Any CPU
		{12EEE539-EF21-4085-BC88-DE66ACB8C0D6}.Release|Any CPU.Build.0 = Release|Any CPU
		{12EEE539-EF21-4085-BC88-DE66ACB8C0D6}.Release|x64.ActiveCfg = Release|x64
		{12EEE539-EF21-4085-BC88-DE66ACB8C0D6}.Release|x64.Build.0 = Release|x64
		{12EEE539-EF21-4085-BC88-DE66ACB8C0D6}.Release|x86.ActiveCfg = Release|x86
		{12EEE539-EF21-4085-BC88-DE66ACB8C0D6}.Release|x86.Build.0 = Release|x86
	EndGlobalSection
	GlobalSection(SolutionProperties) = preSolution
		HideSolutionNode = FALSE
	EndGlobalSection
	GlobalSection(ExtensibilityGlobals) = postSolution
		SolutionGuid = {16BB1369-7AF4-4D7F-8449-8B0A008EB644}
	EndGlobalSection
EndGlobal
